<?xml version="1.0" encoding="utf-8"?>
<Project ToolsVersion="4.0" xmlns="http://schemas.microsoft.com/developer/msbuild/2003">
  <ItemGroup>
    <Filter Include="Source Files">
      <UniqueIdentifier>{4FC737F1-C7A5-4376-A066-2A32D752A2FF}</UniqueIdentifier>
      <Extensions>cpp;c;cc;cxx;def;odl;idl;hpj;bat;asm;asmx</Extensions>
    </Filter>
    <Filter Include="Header Files">
      <UniqueIdentifier>{93995380-89BD-4b04-88EB-625FBE52EBFB}</UniqueIdentifier>
      <Extensions>h;hpp;hxx;hm;inl;inc;xsd</Extensions>
    </Filter>
    <Filter Include="Resource Files">
      <UniqueIdentifier>{67DA6AB6-F800-4c08-8B7A-83BB121AAD01}</UniqueIdentifier>
      <Extensions>rc;ico;cur;bmp;dlg;rc2;rct;bin;rgs;gif;jpg;jpeg;jpe;resx;tiff;tif;png;wav;mfcribbon-ms</Extensions>
    </Filter>
  </ItemGroup>
  <ItemGroup>
    <Text Include="ReadMe.txt" />
  </ItemGroup>
  <ItemGroup>
    <ClInclude Include="..\..\client.h">
      <Filter>Header Files</Filter>
    </ClInclude>
    <ClInclude Include="..\..\client_announce.h">
      <Filter>Header Files</Filter>
    </ClInclude>
    <ClInclude Include="..\..\client_common.h">
      <Filter>Header Files</Filter>
    </ClInclude>
    <ClInclude Include="..\..\client_config.h">
      <Filter>Header Files</Filter>
    </ClInclude>
    <ClInclude Include="..\..\client_init.h">
      <Filter>Header Files</Filter>
    </ClInclude>
    <ClInclude Include="..\..\client_loop.h">
      <Filter>Header Files</Filter>
    </ClInclude>
    <ClInclude Include="..\..\client_transfer.h">
      <Filter>Header Files</Filter>
    </ClInclude>
    <ClInclude Include="..\..\encryption.h">
      <Filter>Header Files</Filter>
    </ClInclude>
    <ClInclude Include="..\..\heartbeat_send.h">
      <Filter>Header Files</Filter>
    </ClInclude>
    <ClInclude Include="..\..\uftp.h">
      <Filter>Header Files</Filter>
    </ClInclude>
    <ClInclude Include="..\..\uftp_common.h">
      <Filter>Header Files</Filter>
    </ClInclude>
    <ClInclude Include="..\..\win_func.h">
      <Filter>Header Files</Filter>
    </ClInclude>
    <ClInclude Include="..\..\client_fileinfo.h">
      <Filter>Header Files</Filter>
    </ClInclude>
  </ItemGroup>
  <ItemGroup>
    <ClCompile Include="..\..\client_announce.c">
      <Filter>Source Files</Filter>
    </ClCompile>
    <ClCompile Include="..\..\client_common.c">
      <Filter>Source Files</Filter>
    </ClCompile>
    <ClCompile Include="..\..\client_config.c">
      <Filter>Source Files</Filter>
    </ClCompile>
    <ClCompile Include="..\..\client_init.c">
      <Filter>Source Files</Filter>
    </ClCompile>
    <ClCompile Include="..\..\client_loop.c">
      <Filter>Source Files</Filter>
    </ClCompile>
    <ClCompile Include="..\..\client_main.c">
      <Filter>Source Files</Filter>
    </ClCompile>
    <ClCompile Include="..\..\client_transfer.c">
      <Filter>Source Files</Filter>
    </ClCompile>
    <ClCompile Include="..\..\encrypt_openssl.c">
      <Filter>Source Files</Filter>
    </ClCompile>
    <ClCompile Include="..\..\getopt.c">
      <Filter>Source Files</Filter>
    </ClCompile>
    <ClCompile Include="..\..\heartbeat_send.c">
      <Filter>Source Files</Filter>
    </ClCompile>
    <ClCompile Include="..\..\uftp_common.c">
      <Filter>Source Files</Filter>
    </ClCompile>
    <ClCompile Include="..\..\win_func.c">
      <Filter>Source Files</Filter>
    </ClCompile>
    <ClCompile Include="..\..\client_fileinfo.c">
      <Filter>Source Files</Filter>
    </ClCompile>
  </ItemGroup>
</Project>